// !$*UTF8*$!
{
	archiveVersion = 1;
	classes = {
	};
	objectVersion = 46;
	objects = {

/* Begin PBXBuildFile section */
		EE7F6EB61D2D6C6C00078F0D /* CongratsViewController.swift in Sources */ = {isa = PBXBuildFile; fileRef = EE7F6EB51D2D6C6C00078F0D /* CongratsViewController.swift */; };
		EE7F6EB81D2EF90F00078F0D /* alert.mp3 in Resources */ = {isa = PBXBuildFile; fileRef = EE7F6EB71D2EF90F00078F0D /* alert.mp3 */; };
		EE7F6EC91D2F2F4F00078F0D /* Contents.json in Resources */ = {isa = PBXBuildFile; fileRef = EE7F6EBB1D2F2F4F00078F0D /* Contents.json */; };
		EE7F6ECA1D2F2F4F00078F0D /* Icon-App-29x29@1x.png in Resources */ = {isa = PBXBuildFile; fileRef = EE7F6EBC1D2F2F4F00078F0D /* Icon-App-29x29@1x.png */; };
		EE7F6ECB1D2F2F4F00078F0D /* Icon-App-29x29@2x.png in Resources */ = {isa = PBXBuildFile; fileRef = EE7F6EBD1D2F2F4F00078F0D /* Icon-App-29x29@2x.png */; };
		EE7F6ECC1D2F2F4F00078F0D /* Icon-App-29x29@3x.png in Resources */ = {isa = PBXBuildFile; fileRef = EE7F6EBE1D2F2F4F00078F0D /* Icon-App-29x29@3x.png */; };
		EE7F6ECD1D2F2F4F00078F0D /* Icon-App-40x40@1x.png in Resources */ = {isa = PBXBuildFile; fileRef = EE7F6EBF1D2F2F4F00078F0D /* Icon-App-40x40@1x.png */; };
		EE7F6ECE1D2F2F4F00078F0D /* Icon-App-40x40@2x.png in Resources */ = {isa = PBXBuildFile; fileRef = EE7F6EC01D2F2F4F00078F0D /* Icon-App-40x40@2x.png */; };
		EE7F6ECF1D2F2F4F00078F0D /* Icon-App-40x40@3x.png in Resources */ = {isa = PBXBuildFile; fileRef = EE7F6EC11D2F2F4F00078F0D /* Icon-App-40x40@3x.png */; };
		EE7F6ED01D2F2F4F00078F0D /* Icon-App-60x60@1x.png in Resources */ = {isa = PBXBuildFile; fileRef = EE7F6EC21D2F2F4F00078F0D /* Icon-App-60x60@1x.png */; };
		EE7F6ED11D2F2F4F00078F0D /* Icon-App-60x60@2x.png in Resources */ = {isa = PBXBuildFile; fileRef = EE7F6EC31D2F2F4F00078F0D /* Icon-App-60x60@2x.png */; };
		EE7F6ED21D2F2F4F00078F0D /* Icon-App-60x60@3x.png in Resources */ = {isa = PBXBuildFile; fileRef = EE7F6EC41D2F2F4F00078F0D /* Icon-App-60x60@3x.png */; };
		EE7F6ED31D2F2F4F00078F0D /* Icon-App-76x76@1x.png in Resources */ = {isa = PBXBuildFile; fileRef = EE7F6EC51D2F2F4F00078F0D /* Icon-App-76x76@1x.png */; };
		EE7F6ED41D2F2F4F00078F0D /* Icon-App-76x76@2x.png in Resources */ = {isa = PBXBuildFile; fileRef = EE7F6EC61D2F2F4F00078F0D /* Icon-App-76x76@2x.png */; };
		EE7F6ED51D2F2F4F00078F0D /* Icon-App-76x76@3x.png in Resources */ = {isa = PBXBuildFile; fileRef = EE7F6EC71D2F2F4F00078F0D /* Icon-App-76x76@3x.png */; };
		EE7F6ED61D2F2F4F00078F0D /* Icon-App-83.5x83.5@2x.png in Resources */ = {isa = PBXBuildFile; fileRef = EE7F6EC81D2F2F4F00078F0D /* Icon-App-83.5x83.5@2x.png */; };
		EED8C5751D25BAB600CF5AD7 /* AppDelegate.swift in Sources */ = {isa = PBXBuildFile; fileRef = EED8C5741D25BAB600CF5AD7 /* AppDelegate.swift */; };
		EED8C5771D25BAB600CF5AD7 /* ViewController.swift in Sources */ = {isa = PBXBuildFile; fileRef = EED8C5761D25BAB600CF5AD7 /* ViewController.swift */; };
		EED8C57A1D25BAB600CF5AD7 /* Main.storyboard in Resources */ = {isa = PBXBuildFile; fileRef = EED8C5781D25BAB600CF5AD7 /* Main.storyboard */; };
		EED8C57C1D25BAB600CF5AD7 /* Assets.xcassets in Resources */ = {isa = PBXBuildFile; fileRef = EED8C57B1D25BAB600CF5AD7 /* Assets.xcassets */; };
		EED8C57F1D25BAB600CF5AD7 /* LaunchScreen.storyboard in Resources */ = {isa = PBXBuildFile; fileRef = EED8C57D1D25BAB600CF5AD7 /* LaunchScreen.storyboard */; };
		EED8C5881D25C34E00CF5AD7 /* WelcomeViewController.swift in Sources */ = {isa = PBXBuildFile; fileRef = EED8C5871D25C34E00CF5AD7 /* WelcomeViewController.swift */; };
		EED8C58C1D25D0A300CF5AD7 /* HIITSettingsViewController.swift in Sources */ = {isa = PBXBuildFile; fileRef = EED8C58B1D25D0A300CF5AD7 /* HIITSettingsViewController.swift */; };
		EED8C5D11D26E34800CF5AD7 /* CollectionViewCell.swift in Sources */ = {isa = PBXBuildFile; fileRef = EED8C5D01D26E34800CF5AD7 /* CollectionViewCell.swift */; };
		EED8C5D51D271F4700CF5AD7 /* UserRoutine.swift in Sources */ = {isa = PBXBuildFile; fileRef = EED8C5D41D271F4700CF5AD7 /* UserRoutine.swift */; };
		EED8C5D71D2723C400CF5AD7 /* StagingViewController.swift in Sources */ = {isa = PBXBuildFile; fileRef = EED8C5D61D2723C400CF5AD7 /* StagingViewController.swift */; };
/* End PBXBuildFile section */

/* Begin PBXFileReference section */
		EE7F6EB51D2D6C6C00078F0D /* CongratsViewController.swift */ = {isa = PBXFileReference; fileEncoding = 4; lastKnownFileType = sourcecode.swift; path = CongratsViewController.swift; sourceTree = "<group>"; };
		EE7F6EB71D2EF90F00078F0D /* alert.mp3 */ = {isa = PBXFileReference; lastKnownFileType = audio.mp3; path = alert.mp3; sourceTree = "<group>"; };
		EE7F6EBB1D2F2F4F00078F0D /* Contents.json */ = {isa = PBXFileReference; fileEncoding = 4; lastKnownFileType = text.json; path = Contents.json; sourceTree = "<group>"; };
		EE7F6EBC1D2F2F4F00078F0D /* Icon-App-29x29@1x.png */ = {isa = PBXFileReference; lastKnownFileType = image.png; path = "Icon-App-29x29@1x.png"; sourceTree = "<group>"; };
		EE7F6EBD1D2F2F4F00078F0D /* Icon-App-29x29@2x.png */ = {isa = PBXFileReference; lastKnownFileType = image.png; path = "Icon-App-29x29@2x.png"; sourceTree = "<group>"; };
		EE7F6EBE1D2F2F4F00078F0D /* Icon-App-29x29@3x.png */ = {isa = PBXFileReference; lastKnownFileType = image.png; path = "Icon-App-29x29@3x.png"; sourceTree = "<group>"; };
		EE7F6EBF1D2F2F4F00078F0D /* Icon-App-40x40@1x.png */ = {isa = PBXFileReference; lastKnownFileType = image.png; path = "Icon-App-40x40@1x.png"; sourceTree = "<group>"; };
		EE7F6EC01D2F2F4F00078F0D /* Icon-App-40x40@2x.png */ = {isa = PBXFileReference; lastKnownFileType = image.png; path = "Icon-App-40x40@2x.png"; sourceTree = "<group>"; };
		EE7F6EC11D2F2F4F00078F0D /* Icon-App-40x40@3x.png */ = {isa = PBXFileReference; lastKnownFileType = image.png; path = "Icon-App-40x40@3x.png"; sourceTree = "<group>"; };
		EE7F6EC21D2F2F4F00078F0D /* Icon-App-60x60@1x.png */ = {isa = PBXFileReference; lastKnownFileType = image.png; path = "Icon-App-60x60@1x.png"; sourceTree = "<group>"; };
		EE7F6EC31D2F2F4F00078F0D /* Icon-App-60x60@2x.png */ = {isa = PBXFileReference; lastKnownFileType = image.png; path = "Icon-App-60x60@2x.png"; sourceTree = "<group>"; };
		EE7F6EC41D2F2F4F00078F0D /* Icon-App-60x60@3x.png */ = {isa = PBXFileReference; lastKnownFileType = image.png; path = "Icon-App-60x60@3x.png"; sourceTree = "<group>"; };
		EE7F6EC51D2F2F4F00078F0D /* Icon-App-76x76@1x.png */ = {isa = PBXFileReference; lastKnownFileType = image.png; path = "Icon-App-76x76@1x.png"; sourceTree = "<group>"; };
		EE7F6EC61D2F2F4F00078F0D /* Icon-App-76x76@2x.png */ = {isa = PBXFileReference; lastKnownFileType = image.png; path = "Icon-App-76x76@2x.png"; sourceTree = "<group>"; };
		EE7F6EC71D2F2F4F00078F0D /* Icon-App-76x76@3x.png */ = {isa = PBXFileReference; lastKnownFileType = image.png; path = "Icon-App-76x76@3x.png"; sourceTree = "<group>"; };
		EE7F6EC81D2F2F4F00078F0D /* Icon-App-83.5x83.5@2x.png */ = {isa = PBXFileReference; lastKnownFileType = image.png; path = "Icon-App-83.5x83.5@2x.png"; sourceTree = "<group>"; };
		EED8C5711D25BAB600CF5AD7 /* HIITimer.app */ = {isa = PBXFileReference; explicitFileType = wrapper.application; includeInIndex = 0; path = HIITimer.app; sourceTree = BUILT_PRODUCTS_DIR; };
		EED8C5741D25BAB600CF5AD7 /* AppDelegate.swift */ = {isa = PBXFileReference; lastKnownFileType = sourcecode.swift; path = AppDelegate.swift; sourceTree = "<group>"; };
		EED8C5761D25BAB600CF5AD7 /* ViewController.swift */ = {isa = PBXFileReference; lastKnownFileType = sourcecode.swift; path = ViewController.swift; sourceTree = "<group>"; };
		EED8C5791D25BAB600CF5AD7 /* Base */ = {isa = PBXFileReference; lastKnownFileType = file.storyboard; name = Base; path = Base.lproj/Main.storyboard; sourceTree = "<group>"; };
		EED8C57B1D25BAB600CF5AD7 /* Assets.xcassets */ = {isa = PBXFileReference; lastKnownFileType = folder.assetcatalog; path = Assets.xcassets; sourceTree = "<group>"; };
		EED8C57E1D25BAB600CF5AD7 /* Base */ = {isa = PBXFileReference; lastKnownFileType = file.storyboard; name = Base; path = Base.lproj/LaunchScreen.storyboard; sourceTree = "<group>"; };
		EED8C5801D25BAB600CF5AD7 /* Info.plist */ = {isa = PBXFileReference; lastKnownFileType = text.plist.xml; path = Info.plist; sourceTree = "<group>"; };
		EED8C5871D25C34E00CF5AD7 /* WelcomeViewController.swift */ = {isa = PBXFileReference; fileEncoding = 4; lastKnownFileType = sourcecode.swift; path = WelcomeViewController.swift; sourceTree = "<group>"; };
		EED8C58B1D25D0A300CF5AD7 /* HIITSettingsViewController.swift */ = {isa = PBXFileReference; fileEncoding = 4; lastKnownFileType = sourcecode.swift; path = HIITSettingsViewController.swift; sourceTree = "<group>"; };
		EED8C5D01D26E34800CF5AD7 /* CollectionViewCell.swift */ = {isa = PBXFileReference; fileEncoding = 4; lastKnownFileType = sourcecode.swift; path = CollectionViewCell.swift; sourceTree = "<group>"; };
		EED8C5D41D271F4700CF5AD7 /* UserRoutine.swift */ = {isa = PBXFileReference; fileEncoding = 4; lastKnownFileType = sourcecode.swift; path = UserRoutine.swift; sourceTree = "<group>"; };
		EED8C5D61D2723C400CF5AD7 /* StagingViewController.swift */ = {isa = PBXFileReference; fileEncoding = 4; lastKnownFileType = sourcecode.swift; path = StagingViewController.swift; sourceTree = "<group>"; };
/* End PBXFileReference section */

/* Begin PBXFrameworksBuildPhase section */
		EED8C56E1D25BAB600CF5AD7 /* Frameworks */ = {
			isa = PBXFrameworksBuildPhase;
			buildActionMask = 2147483647;
			files = (
			);
			runOnlyForDeploymentPostprocessing = 0;
		};
/* End PBXFrameworksBuildPhase section */

/* Begin PBXGroup section */
		EE7F6EB91D2EF91800078F0D /* Assets */ = {
			isa = PBXGroup;
			children = (
				EE7F6EBA1D2F2F4F00078F0D /* AppIcon.appiconset */,
				EE7F6EB71D2EF90F00078F0D /* alert.mp3 */,
			);
			name = Assets;
			sourceTree = "<group>";
		};
		EE7F6EBA1D2F2F4F00078F0D /* AppIcon.appiconset */ = {
			isa = PBXGroup;
			children = (
				EE7F6EBB1D2F2F4F00078F0D /* Contents.json */,
				EE7F6EBC1D2F2F4F00078F0D /* Icon-App-29x29@1x.png */,
				EE7F6EBD1D2F2F4F00078F0D /* Icon-App-29x29@2x.png */,
				EE7F6EBE1D2F2F4F00078F0D /* Icon-App-29x29@3x.png */,
				EE7F6EBF1D2F2F4F00078F0D /* Icon-App-40x40@1x.png */,
				EE7F6EC01D2F2F4F00078F0D /* Icon-App-40x40@2x.png */,
				EE7F6EC11D2F2F4F00078F0D /* Icon-App-40x40@3x.png */,
				EE7F6EC21D2F2F4F00078F0D /* Icon-App-60x60@1x.png */,
				EE7F6EC31D2F2F4F00078F0D /* Icon-App-60x60@2x.png */,
				EE7F6EC41D2F2F4F00078F0D /* Icon-App-60x60@3x.png */,
				EE7F6EC51D2F2F4F00078F0D /* Icon-App-76x76@1x.png */,
				EE7F6EC61D2F2F4F00078F0D /* Icon-App-76x76@2x.png */,
				EE7F6EC71D2F2F4F00078F0D /* Icon-App-76x76@3x.png */,
				EE7F6EC81D2F2F4F00078F0D /* Icon-App-83.5x83.5@2x.png */,
			);
			path = AppIcon.appiconset;
			sourceTree = "<group>";
		};
		EED8C5681D25BAB600CF5AD7 = {
			isa = PBXGroup;
			children = (
				EED8C5731D25BAB600CF5AD7 /* HIITimer */,
				EED8C5721D25BAB600CF5AD7 /* Products */,
			);
			sourceTree = "<group>";
		};
		EED8C5721D25BAB600CF5AD7 /* Products */ = {
			isa = PBXGroup;
			children = (
				EED8C5711D25BAB600CF5AD7 /* HIITimer.app */,
			);
			name = Products;
			sourceTree = "<group>";
		};
		EED8C5731D25BAB600CF5AD7 /* HIITimer */ = {
			isa = PBXGroup;
			children = (
				EED8C58A1D25CFA100CF5AD7 /* AppGlobal */,
				EE7F6EB91D2EF91800078F0D /* Assets */,
				EED8C5891D25C35400CF5AD7 /* Controller */,
				EED8C58D1D25D0A800CF5AD7 /* Model */,
				EED8C5861D25C1D400CF5AD7 /* View */,
			);
			path = HIITimer;
			sourceTree = "<group>";
		};
		EED8C5861D25C1D400CF5AD7 /* View */ = {
			isa = PBXGroup;
			children = (
				EED8C57B1D25BAB600CF5AD7 /* Assets.xcassets */,
				EED8C5781D25BAB600CF5AD7 /* Main.storyboard */,
				EED8C57D1D25BAB600CF5AD7 /* LaunchScreen.storyboard */,
			);
			name = View;
			sourceTree = "<group>";
		};
		EED8C5891D25C35400CF5AD7 /* Controller */ = {
			isa = PBXGroup;
			children = (
				EED8C5D01D26E34800CF5AD7 /* CollectionViewCell.swift */,
				EE7F6EB51D2D6C6C00078F0D /* CongratsViewController.swift */,
				EED8C58B1D25D0A300CF5AD7 /* HIITSettingsViewController.swift */,
				EED8C5D61D2723C400CF5AD7 /* StagingViewController.swift */,
				EED8C5761D25BAB600CF5AD7 /* ViewController.swift */,
				EED8C5871D25C34E00CF5AD7 /* WelcomeViewController.swift */,
			);
			name = Controller;
			sourceTree = "<group>";
		};
		EED8C58A1D25CFA100CF5AD7 /* AppGlobal */ = {
			isa = PBXGroup;
			children = (
				EED8C5741D25BAB600CF5AD7 /* AppDelegate.swift */,
				EED8C5801D25BAB600CF5AD7 /* Info.plist */,
			);
			name = AppGlobal;
			sourceTree = "<group>";
		};
		EED8C58D1D25D0A800CF5AD7 /* Model */ = {
			isa = PBXGroup;
			children = (
				EED8C5D41D271F4700CF5AD7 /* UserRoutine.swift */,
			);
			name = Model;
			sourceTree = "<group>";
		};
/* End PBXGroup section */

/* Begin PBXNativeTarget section */
		EED8C5701D25BAB600CF5AD7 /* HIITimer */ = {
			isa = PBXNativeTarget;
			buildConfigurationList = EED8C5831D25BAB600CF5AD7 /* Build configuration list for PBXNativeTarget "HIITimer" */;
			buildPhases = (
				EED8C56D1D25BAB600CF5AD7 /* Sources */,
				EED8C56E1D25BAB600CF5AD7 /* Frameworks */,
				EED8C56F1D25BAB600CF5AD7 /* Resources */,
			);
			buildRules = (
			);
			dependencies = (
			);
			name = HIITimer;
			productName = HIITimer;
			productReference = EED8C5711D25BAB600CF5AD7 /* HIITimer.app */;
			productType = "com.apple.product-type.application";
		};
/* End PBXNativeTarget section */

/* Begin PBXProject section */
		EED8C5691D25BAB600CF5AD7 /* Project object */ = {
			isa = PBXProject;
			attributes = {
				LastSwiftUpdateCheck = 0730;
				LastUpgradeCheck = 0730;
				ORGANIZATIONNAME = "hannah gaskins";
				TargetAttributes = {
					EED8C5701D25BAB600CF5AD7 = {
						CreatedOnToolsVersion = 7.3.1;
						DevelopmentTeam = 6AQ4PTS4W4;
					};
				};
			};
			buildConfigurationList = EED8C56C1D25BAB600CF5AD7 /* Build configuration list for PBXProject "emojiHIIt" */;
			compatibilityVersion = "Xcode 3.2";
			developmentRegion = English;
			hasScannedForEncodings = 0;
			knownRegions = (
				en,
				Base,
			);
			mainGroup = EED8C5681D25BAB600CF5AD7;
			productRefGroup = EED8C5721D25BAB600CF5AD7 /* Products */;
			projectDirPath = "";
			projectRoot = "";
			targets = (
				EED8C5701D25BAB600CF5AD7 /* HIITimer */,
			);
		};
/* End PBXProject section */

/* Begin PBXResourcesBuildPhase section */
		EED8C56F1D25BAB600CF5AD7 /* Resources */ = {
			isa = PBXResourcesBuildPhase;
			buildActionMask = 2147483647;
			files = (
				EE7F6ECE1D2F2F4F00078F0D /* Icon-App-40x40@2x.png in Resources */,
				EE7F6EC91D2F2F4F00078F0D /* Contents.json in Resources */,
				EE7F6ED31D2F2F4F00078F0D /* Icon-App-76x76@1x.png in Resources */,
				EE7F6ED11D2F2F4F00078F0D /* Icon-App-60x60@2x.png in Resources */,
				EE7F6ECB1D2F2F4F00078F0D /* Icon-App-29x29@2x.png in Resources */,
				EE7F6ECF1D2F2F4F00078F0D /* Icon-App-40x40@3x.png in Resources */,
				EED8C57F1D25BAB600CF5AD7 /* LaunchScreen.storyboard in Resources */,
				EED8C57C1D25BAB600CF5AD7 /* Assets.xcassets in Resources */,
				EE7F6ED41D2F2F4F00078F0D /* Icon-App-76x76@2x.png in Resources */,
				EE7F6EB81D2EF90F00078F0D /* alert.mp3 in Resources */,
				EE7F6ED61D2F2F4F00078F0D /* Icon-App-83.5x83.5@2x.png in Resources */,
				EE7F6ECC1D2F2F4F00078F0D /* Icon-App-29x29@3x.png in Resources */,
				EE7F6ECD1D2F2F4F00078F0D /* Icon-App-40x40@1x.png in Resources */,
				EE7F6ED01D2F2F4F00078F0D /* Icon-App-60x60@1x.png in Resources */,
				EE7F6ED21D2F2F4F00078F0D /* Icon-App-60x60@3x.png in Resources */,
				EED8C57A1D25BAB600CF5AD7 /* Main.storyboard in Resources */,
				EE7F6ED51D2F2F4F00078F0D /* Icon-App-76x76@3x.png in Resources */,
				EE7F6ECA1D2F2F4F00078F0D /* Icon-App-29x29@1x.png in Resources */,
			);
			runOnlyForDeploymentPostprocessing = 0;
		};
/* End PBXResourcesBuildPhase section */

/* Begin PBXSourcesBuildPhase section */
		EED8C56D1D25BAB600CF5AD7 /* Sources */ = {
			isa = PBXSourcesBuildPhase;
			buildActionMask = 2147483647;
			files = (
				EED8C5D71D2723C400CF5AD7 /* StagingViewController.swift in Sources */,
				EED8C5D11D26E34800CF5AD7 /* CollectionViewCell.swift in Sources */,
				EED8C5D51D271F4700CF5AD7 /* UserRoutine.swift in Sources */,
				EED8C5881D25C34E00CF5AD7 /* WelcomeViewController.swift in Sources */,
				EED8C5771D25BAB600CF5AD7 /* ViewController.swift in Sources */,
				EED8C58C1D25D0A300CF5AD7 /* HIITSettingsViewController.swift in Sources */,
				EED8C5751D25BAB600CF5AD7 /* AppDelegate.swift in Sources */,
				EE7F6EB61D2D6C6C00078F0D /* CongratsViewController.swift in Sources */,
			);
			runOnlyForDeploymentPostprocessing = 0;
		};
/* End PBXSourcesBuildPhase section */

/* Begin PBXVariantGroup section */
		EED8C5781D25BAB600CF5AD7 /* Main.storyboard */ = {
			isa = PBXVariantGroup;
			children = (
				EED8C5791D25BAB600CF5AD7 /* Base */,
			);
			name = Main.storyboard;
			sourceTree = "<group>";
		};
		EED8C57D1D25BAB600CF5AD7 /* LaunchScreen.storyboard */ = {
			isa = PBXVariantGroup;
			children = (
				EED8C57E1D25BAB600CF5AD7 /* Base */,
			);
			name = LaunchScreen.storyboard;
			sourceTree = "<group>";
		};
/* End PBXVariantGroup section */

/* Begin XCBuildConfiguration section */
		EED8C5811D25BAB600CF5AD7 /* Debug */ = {
			isa = XCBuildConfiguration;
			buildSettings = {
				ALWAYS_SEARCH_USER_PATHS = NO;
				CLANG_ANALYZER_NONNULL = YES;
				CLANG_CXX_LANGUAGE_STANDARD = "gnu++0x";
				CLANG_CXX_LIBRARY = "libc++";
				CLANG_ENABLE_MODULES = YES;
				CLANG_ENABLE_OBJC_ARC = YES;
				CLANG_WARN_BOOL_CONVERSION = YES;
				CLANG_WARN_CONSTANT_CONVERSION = YES;
				CLANG_WARN_DIRECT_OBJC_ISA_USAGE = YES_ERROR;
				CLANG_WARN_EMPTY_BODY = YES;
				CLANG_WARN_ENUM_CONVERSION = YES;
				CLANG_WARN_INT_CONVERSION = YES;
				CLANG_WARN_OBJC_ROOT_CLASS = YES_ERROR;
				CLANG_WARN_UNREACHABLE_CODE = YES;
				CLANG_WARN__DUPLICATE_METHOD_MATCH = YES;
				"CODE_SIGN_IDENTITY[sdk=iphoneos*]" = "iPhone Developer";
				COPY_PHASE_STRIP = NO;
				DEBUG_INFORMATION_FORMAT = dwarf;
				ENABLE_STRICT_OBJC_MSGSEND = YES;
				ENABLE_TESTABILITY = YES;
				GCC_C_LANGUAGE_STANDARD = gnu99;
				GCC_DYNAMIC_NO_PIC = NO;
				GCC_NO_COMMON_BLOCKS = YES;
				GCC_OPTIMIZATION_LEVEL = 0;
				GCC_PREPROCESSOR_DEFINITIONS = (
					"DEBUG=1",
					"$(inherited)",
				);
				GCC_WARN_64_TO_32_BIT_CONVERSION = YES;
				GCC_WARN_ABOUT_RETURN_TYPE = YES_ERROR;
				GCC_WARN_UNDECLARED_SELECTOR = YES;
				GCC_WARN_UNINITIALIZED_AUTOS = YES_AGGRESSIVE;
				GCC_WARN_UNUSED_FUNCTION = YES;
				GCC_WARN_UNUSED_VARIABLE = YES;
				IPHONEOS_DEPLOYMENT_TARGET = 9.3;
				MTL_ENABLE_DEBUG_INFO = YES;
				ONLY_ACTIVE_ARCH = YES;
				SDKROOT = iphoneos;
				SWIFT_OPTIMIZATION_LEVEL = "-Onone";
				TARGETED_DEVICE_FAMILY = "1,2";
			};
			name = Debug;
		};
		EED8C5821D25BAB600CF5AD7 /* Release */ = {
			isa = XCBuildConfiguration;
			buildSettings = {
				ALWAYS_SEARCH_USER_PATHS = NO;
				CLANG_ANALYZER_NONNULL = YES;
				CLANG_CXX_LANGUAGE_STANDARD = "gnu++0x";
				CLANG_CXX_LIBRARY = "libc++";
				CLANG_ENABLE_MODULES = YES;
				CLANG_ENABLE_OBJC_ARC = YES;
				CLANG_WARN_BOOL_CONVERSION = YES;
				CLANG_WARN_CONSTANT_CONVERSION = YES;
				CLANG_WARN_DIRECT_OBJC_ISA_USAGE = YES_ERROR;
				CLANG_WARN_EMPTY_BODY = YES;
				CLANG_WARN_ENUM_CONVERSION = YES;
				CLANG_WARN_INT_CONVERSION = YES;
				CLANG_WARN_OBJC_ROOT_CLASS = YES_ERROR;
				CLANG_WARN_UNREACHABLE_CODE = YES;
				CLANG_WARN__DUPLICATE_METHOD_MATCH = YES;
				"CODE_SIGN_IDENTITY[sdk=iphoneos*]" = "iPhone Developer";
				COPY_PHASE_STRIP = NO;
				DEBUG_INFORMATION_FORMAT = "dwarf-with-dsym";
				ENABLE_NS_ASSERTIONS = NO;
				ENABLE_STRICT_OBJC_MSGSEND = YES;
				GCC_C_LANGUAGE_STANDARD = gnu99;
				GCC_NO_COMMON_BLOCKS = YES;
				GCC_WARN_64_TO_32_BIT_CONVERSION = YES;
				GCC_WARN_ABOUT_RETURN_TYPE = YES_ERROR;
				GCC_WARN_UNDECLARED_SELECTOR = YES;
				GCC_WARN_UNINITIALIZED_AUTOS = YES_AGGRESSIVE;
				GCC_WARN_UNUSED_FUNCTION = YES;
				GCC_WARN_UNUSED_VARIABLE = YES;
				IPHONEOS_DEPLOYMENT_TARGET = 9.3;
				MTL_ENABLE_DEBUG_INFO = NO;
				SDKROOT = iphoneos;
				TARGETED_DEVICE_FAMILY = "1,2";
				VALIDATE_PRODUCT = YES;
			};
			name = Release;
		};
		EED8C5841D25BAB600CF5AD7 /* Debug */ = {
			isa = XCBuildConfiguration;
			buildSettings = {
				ASSETCATALOG_COMPILER_APPICON_NAME = AppIcon;
				CODE_SIGN_IDENTITY = "iPhone Developer";
				"CODE_SIGN_IDENTITY[sdk=iphoneos*]" = "iPhone Developer";
				INFOPLIST_FILE = HIITimer/Info.plist;
				LD_RUNPATH_SEARCH_PATHS = "$(inherited) @executable_path/Frameworks";
				PRODUCT_BUNDLE_IDENTIFIER = com.hannahgaskins.HIITimer;
				PRODUCT_NAME = "$(TARGET_NAME)";
				PROVISIONING_PROFILE = "";
			};
			name = Debug;
		};
		EED8C5851D25BAB600CF5AD7 /* Release */ = {
			isa = XCBuildConfiguration;
			buildSettings = {
				ASSETCATALOG_COMPILER_APPICON_NAME = AppIcon;
				CODE_SIGN_IDENTITY = "iPhone Developer";
				"CODE_SIGN_IDENTITY[sdk=iphoneos*]" = "iPhone Developer";
				INFOPLIST_FILE = HIITimer/Info.plist;
				LD_RUNPATH_SEARCH_PATHS = "$(inherited) @executable_path/Frameworks";
				PRODUCT_BUNDLE_IDENTIFIER = com.hannahgaskins.HIITimer;
				PRODUCT_NAME = "$(TARGET_NAME)";
				PROVISIONING_PROFILE = "";
			};
			name = Release;
		};
/* End XCBuildConfiguration section */

/* Begin XCConfigurationList section */
		EED8C56C1D25BAB600CF5AD7 /* Build configuration list for PBXProject "emojiHIIt" */ = {
			isa = XCConfigurationList;
			buildConfigurations = (
				EED8C5811D25BAB600CF5AD7 /* Debug */,
				EED8C5821D25BAB600CF5AD7 /* Release */,
			);
			defaultConfigurationIsVisible = 0;
			defaultConfigurationName = Release;
		};
		EED8C5831D25BAB600CF5AD7 /* Build configuration list for PBXNativeTarget "HIITimer" */ = {
			isa = XCConfigurationList;
			buildConfigurations = (
				EED8C5841D25BAB600CF5AD7 /* Debug */,
				EED8C5851D25BAB600CF5AD7 /* Release */,
			);
			defaultConfigurationIsVisible = 0;
			defaultConfigurationName = Release;
		};
/* End XCConfigurationList section */
	};
	rootObject = EED8C5691D25BAB600CF5AD7 /* Project object */;
}
